
Microsoft Visual Studio Solution File, Format Version 12.00
Project("{FAE04EC0-301F-11D3-BF4B-00C04F79EFBC}") = "CSC308.CBR.API", "CSC308.CBR.API\CSC308.CBR.API.csproj", "{9D44F73E-4E8C-4F30-8853-862A03D2A103}"
EndProject
Project("{FAE04EC0-301F-11D3-BF4B-00C04F79EFBC}") = "CSC308.CBR.Model", "CSC308.CBR.Model\CSC308.CBR.Model.csproj", "{B4751DB1-F37D-4960-B1E2-3C4BDAD6959C}"
EndProject
Project("{FAE04EC0-301F-11D3-BF4B-00C04F79EFBC}") = "CSC308.CBR.Business", "CSC308.CBR.Business\CSC308.CBR.Business.csproj", "{F70870DD-B69F-449A-9B48-50ECE7112DCC}"
EndProject
Project("{FAE04EC0-301F-11D3-BF4B-00C04F79EFBC}") = "CSC308.CBR.Data", "CSC308.CBR.Data\CSC308.CBR.Data.csproj", "{033D8A23-FABB-420E-BD21-96336257DDB2}"
EndProject
Project("{FAE04EC0-301F-11D3-BF4B-00C04F79EFBC}") = "CSC308.CBR.DataObjects", "CSC308.CBR.DataObjects\CSC308.CBR.DataObjects.csproj", "{AA4E91E4-3254-4D6E-BCF6-BD62CB5DFF5A}"
EndProject
Project("{FAE04EC0-301F-11D3-BF4B-00C04F79EFBC}") = "CSC308.CBR.Core", "CSC308.CBR.Core\CSC308.CBR.Core.csproj", "{E7A8368B-FDDA-46F6-BA13-E943B84727E0}"
EndProject
Global
	GlobalSection(SolutionConfigurationPlatforms) = preSolution
		Debug|Any CPU = Debug|Any CPU
		Release|Any CPU = Release|Any CPU
	EndGlobalSection
	GlobalSection(ProjectConfigurationPlatforms) = postSolution
		{9D44F73E-4E8C-4F30-8853-862A03D2A103}.Debug|Any CPU.ActiveCfg = Debug|Any CPU
		{9D44F73E-4E8C-4F30-8853-862A03D2A103}.Debug|Any CPU.Build.0 = Debug|Any CPU
		{9D44F73E-4E8C-4F30-8853-862A03D2A103}.Release|Any CPU.ActiveCfg = Release|Any CPU
		{9D44F73E-4E8C-4F30-8853-862A03D2A103}.Release|Any CPU.Build.0 = Release|Any CPU
		{B4751DB1-F37D-4960-B1E2-3C4BDAD6959C}.Debug|Any CPU.ActiveCfg = Debug|Any CPU
		{B4751DB1-F37D-4960-B1E2-3C4BDAD6959C}.Debug|Any CPU.Build.0 = Debug|Any CPU
		{B4751DB1-F37D-4960-B1E2-3C4BDAD6959C}.Release|Any CPU.ActiveCfg = Release|Any CPU
		{B4751DB1-F37D-4960-B1E2-3C4BDAD6959C}.Release|Any CPU.Build.0 = Release|Any CPU
		{F70870DD-B69F-449A-9B48-50ECE7112DCC}.Debug|Any CPU.ActiveCfg = Debug|Any CPU
		{F70870DD-B69F-449A-9B48-50ECE7112DCC}.Debug|Any CPU.Build.0 = Debug|Any CPU
		{F70870DD-B69F-449A-9B48-50ECE7112DCC}.Release|Any CPU.ActiveCfg = Release|Any CPU
		{F70870DD-B69F-449A-9B48-50ECE7112DCC}.Release|Any CPU.Build.0 = Release|Any CPU
		{033D8A23-FABB-420E-BD21-96336257DDB2}.Debug|Any CPU.ActiveCfg = Debug|Any CPU
		{033D8A23-FABB-420E-BD21-96336257DDB2}.Debug|Any CPU.Build.0 = Debug|Any CPU
		{033D8A23-FABB-420E-BD21-96336257DDB2}.Release|Any CPU.ActiveCfg = Release|Any CPU
		{033D8A23-FABB-420E-BD21-96336257DDB2}.Release|Any CPU.Build.0 = Release|Any CPU
		{AA4E91E4-3254-4D6E-BCF6-BD62CB5DFF5A}.Debug|Any CPU.ActiveCfg = Debug|Any CPU
		{AA4E91E4-3254-4D6E-BCF6-BD62CB5DFF5A}.Debug|Any CPU.Build.0 = Debug|Any CPU
		{AA4E91E4-3254-4D6E-BCF6-BD62CB5DFF5A}.Release|Any CPU.ActiveCfg = Release|Any CPU
		{AA4E91E4-3254-4D6E-BCF6-BD62CB5DFF5A}.Release|Any CPU.Build.0 = Release|Any CPU
		{E7A8368B-FDDA-46F6-BA13-E943B84727E0}.Debug|Any CPU.ActiveCfg = Debug|Any CPU
		{E7A8368B-FDDA-46F6-BA13-E943B84727E0}.Debug|Any CPU.Build.0 = Debug|Any CPU
		{E7A8368B-FDDA-46F6-BA13-E943B84727E0}.Release|Any CPU.ActiveCfg = Release|Any CPU
		{E7A8368B-FDDA-46F6-BA13-E943B84727E0}.Release|Any CPU.Build.0 = Release|Any CPU
	EndGlobalSection
EndGlobal
